// !$*UTF8*$!
{
	archiveVersion = 1;
	classes = {
	};
	objectVersion = 50;
	objects = {

/* Begin PBXBuildFile section */
		34857CC416FBDD7B6EC92601 /* libPods-NYT_MartianNews.a in Frameworks */ = {isa = PBXBuildFile; fileRef = 9A4A15C07501219D733DBE58 /* libPods-NYT_MartianNews.a */; };
		9D1AE15123CE164D00C85B5A /* AppDelegate.swift in Sources */ = {isa = PBXBuildFile; fileRef = 9D1AE15023CE164D00C85B5A /* AppDelegate.swift */; };
		9D1AE15323CE164D00C85B5A /* ViewController.swift in Sources */ = {isa = PBXBuildFile; fileRef = 9D1AE15223CE164D00C85B5A /* ViewController.swift */; };
		9D1AE15623CE164D00C85B5A /* Main.storyboard in Resources */ = {isa = PBXBuildFile; fileRef = 9D1AE15423CE164D00C85B5A /* Main.storyboard */; };
		9D1AE15823CE165400C85B5A /* Assets.xcassets in Resources */ = {isa = PBXBuildFile; fileRef = 9D1AE15723CE165400C85B5A /* Assets.xcassets */; };
		9D1AE15B23CE165400C85B5A /* LaunchScreen.storyboard in Resources */ = {isa = PBXBuildFile; fileRef = 9D1AE15923CE165400C85B5A /* LaunchScreen.storyboard */; };
		9D1AE16623CE165400C85B5A /* NYT_MartianNewsTests.swift in Sources */ = {isa = PBXBuildFile; fileRef = 9D1AE16523CE165400C85B5A /* NYT_MartianNewsTests.swift */; };
		9D1AE17B23CE616100C85B5A /* Coordinator.swift in Sources */ = {isa = PBXBuildFile; fileRef = 9D1AE17A23CE616100C85B5A /* Coordinator.swift */; };
		9D1AE17D23CE6D0500C85B5A /* AppCoordinator.swift in Sources */ = {isa = PBXBuildFile; fileRef = 9D1AE17C23CE6D0500C85B5A /* AppCoordinator.swift */; };
		9D1AE18323D2114600C85B5A /* DataProvider.swift in Sources */ = {isa = PBXBuildFile; fileRef = 9D1AE18223D2114600C85B5A /* DataProvider.swift */; };
		9D1AE18623D2150700C85B5A /* Article.swift in Sources */ = {isa = PBXBuildFile; fileRef = 9D1AE18523D2150700C85B5A /* Article.swift */; };
		9D2100322408250E008A0D29 /* ArticleListViewController_P.swift in Sources */ = {isa = PBXBuildFile; fileRef = 9D2100312408250E008A0D29 /* ArticleListViewController_P.swift */; };
		9D2100342408B58F008A0D29 /* ArticleListCell_P.swift in Sources */ = {isa = PBXBuildFile; fileRef = 9D2100332408B58F008A0D29 /* ArticleListCell_P.swift */; };
		9D8156E123D4A1FF005280DD /* SettingsStore.swift in Sources */ = {isa = PBXBuildFile; fileRef = 9D8156E023D4A1FF005280DD /* SettingsStore.swift */; };
		9D8156E323D62443005280DD /* Languages.swift in Sources */ = {isa = PBXBuildFile; fileRef = 9D8156E223D62443005280DD /* Languages.swift */; };
		9D8156E623D62B5F005280DD /* ArticleListCoordinator.swift in Sources */ = {isa = PBXBuildFile; fileRef = 9D8156E523D62B5F005280DD /* ArticleListCoordinator.swift */; };
		9D8156E823D62F52005280DD /* Dependencies.swift in Sources */ = {isa = PBXBuildFile; fileRef = 9D8156E723D62F52005280DD /* Dependencies.swift */; };
		9D8156EA23D65864005280DD /* Dynamic.swift in Sources */ = {isa = PBXBuildFile; fileRef = 9D8156E923D65864005280DD /* Dynamic.swift */; };
		9D8156F123D675D4005280DD /* ArticleListViewController.swift in Sources */ = {isa = PBXBuildFile; fileRef = 9D8156EF23D675D4005280DD /* ArticleListViewController.swift */; };
		9D8156F223D675D4005280DD /* ArticleListView.xib in Resources */ = {isa = PBXBuildFile; fileRef = 9D8156F023D675D4005280DD /* ArticleListView.xib */; };
		9D8156F823D7407D005280DD /* ArticleListCell.swift in Sources */ = {isa = PBXBuildFile; fileRef = 9D8156F623D7407D005280DD /* ArticleListCell.swift */; };
		9D8156F923D7407D005280DD /* ArticleListCell.xib in Resources */ = {isa = PBXBuildFile; fileRef = 9D8156F723D7407D005280DD /* ArticleListCell.xib */; };
		9D8156FB23D75CBE005280DD /* NibLoadableView.swift in Sources */ = {isa = PBXBuildFile; fileRef = 9D8156FA23D75CBE005280DD /* NibLoadableView.swift */; };
		9D8156FD23D75D88005280DD /* ReusableView.swift in Sources */ = {isa = PBXBuildFile; fileRef = 9D8156FC23D75D88005280DD /* ReusableView.swift */; };
		9D8156FF23D75E53005280DD /* UITableView.swift in Sources */ = {isa = PBXBuildFile; fileRef = 9D8156FE23D75E53005280DD /* UITableView.swift */; };
		9D81570123D76026005280DD /* ArticleListDataSource.swift in Sources */ = {isa = PBXBuildFile; fileRef = 9D81570023D76026005280DD /* ArticleListDataSource.swift */; };
		9D81570323D79935005280DD /* ImageCache.swift in Sources */ = {isa = PBXBuildFile; fileRef = 9D81570223D79935005280DD /* ImageCache.swift */; };
		9D81570623D8AF23005280DD /* ArticleViewController.swift in Sources */ = {isa = PBXBuildFile; fileRef = 9D81570423D8AF23005280DD /* ArticleViewController.swift */; };
		9D81570723D8AF23005280DD /* ArticleView.xib in Resources */ = {isa = PBXBuildFile; fileRef = 9D81570523D8AF23005280DD /* ArticleView.xib */; };
		9D81570923D9E2D7005280DD /* UINavigationController.swift in Sources */ = {isa = PBXBuildFile; fileRef = 9D81570823D9E2D7005280DD /* UINavigationController.swift */; };
		9D81570C23DA23EA005280DD /* SettingsViewController.swift in Sources */ = {isa = PBXBuildFile; fileRef = 9D81570A23DA23EA005280DD /* SettingsViewController.swift */; };
		9D81570D23DA23EA005280DD /* SettingsView.xib in Resources */ = {isa = PBXBuildFile; fileRef = 9D81570B23DA23EA005280DD /* SettingsView.xib */; };
		9D81570F23DA96E6005280DD /* Settings.swift in Sources */ = {isa = PBXBuildFile; fileRef = 9D81570E23DA96E6005280DD /* Settings.swift */; };
		9D81571123DB3D9B005280DD /* MartianTranslationTests.swift in Sources */ = {isa = PBXBuildFile; fileRef = 9D81571023DB3D9B005280DD /* MartianTranslationTests.swift */; };
		9D81571323DB4491005280DD /* String.swift in Sources */ = {isa = PBXBuildFile; fileRef = 9D81571223DB4490005280DD /* String.swift */; };
/* End PBXBuildFile section */

/* Begin PBXContainerItemProxy section */
		9D1AE16223CE165400C85B5A /* PBXContainerItemProxy */ = {
			isa = PBXContainerItemProxy;
			containerPortal = 9D1AE14523CE164D00C85B5A /* Project object */;
			proxyType = 1;
			remoteGlobalIDString = 9D1AE14C23CE164D00C85B5A;
			remoteInfo = NYT_MartianNews;
		};
/* End PBXContainerItemProxy section */

/* Begin PBXFileReference section */
		9A4A15C07501219D733DBE58 /* libPods-NYT_MartianNews.a */ = {isa = PBXFileReference; explicitFileType = archive.ar; includeInIndex = 0; path = "libPods-NYT_MartianNews.a"; sourceTree = BUILT_PRODUCTS_DIR; };
		9D1AE14D23CE164D00C85B5A /* NYT_MartianNews.app */ = {isa = PBXFileReference; explicitFileType = wrapper.application; includeInIndex = 0; path = NYT_MartianNews.app; sourceTree = BUILT_PRODUCTS_DIR; };
		9D1AE15023CE164D00C85B5A /* AppDelegate.swift */ = {isa = PBXFileReference; lastKnownFileType = sourcecode.swift; path = AppDelegate.swift; sourceTree = "<group>"; };
		9D1AE15223CE164D00C85B5A /* ViewController.swift */ = {isa = PBXFileReference; lastKnownFileType = sourcecode.swift; path = ViewController.swift; sourceTree = "<group>"; };
		9D1AE15523CE164D00C85B5A /* Base */ = {isa = PBXFileReference; lastKnownFileType = file.storyboard; name = Base; path = Base.lproj/Main.storyboard; sourceTree = "<group>"; };
		9D1AE15723CE165400C85B5A /* Assets.xcassets */ = {isa = PBXFileReference; lastKnownFileType = folder.assetcatalog; path = Assets.xcassets; sourceTree = "<group>"; };
		9D1AE15A23CE165400C85B5A /* Base */ = {isa = PBXFileReference; lastKnownFileType = file.storyboard; name = Base; path = Base.lproj/LaunchScreen.storyboard; sourceTree = "<group>"; };
		9D1AE15C23CE165400C85B5A /* Info.plist */ = {isa = PBXFileReference; lastKnownFileType = text.plist.xml; path = Info.plist; sourceTree = "<group>"; };
		9D1AE16123CE165400C85B5A /* NYT_MartianNewsTests.xctest */ = {isa = PBXFileReference; explicitFileType = wrapper.cfbundle; includeInIndex = 0; path = NYT_MartianNewsTests.xctest; sourceTree = BUILT_PRODUCTS_DIR; };
		9D1AE16523CE165400C85B5A /* NYT_MartianNewsTests.swift */ = {isa = PBXFileReference; lastKnownFileType = sourcecode.swift; path = NYT_MartianNewsTests.swift; sourceTree = "<group>"; };
		9D1AE16723CE165400C85B5A /* Info.plist */ = {isa = PBXFileReference; lastKnownFileType = text.plist.xml; path = Info.plist; sourceTree = "<group>"; };
		9D1AE17A23CE616100C85B5A /* Coordinator.swift */ = {isa = PBXFileReference; lastKnownFileType = sourcecode.swift; path = Coordinator.swift; sourceTree = "<group>"; };
		9D1AE17C23CE6D0500C85B5A /* AppCoordinator.swift */ = {isa = PBXFileReference; lastKnownFileType = sourcecode.swift; path = AppCoordinator.swift; sourceTree = "<group>"; };
		9D1AE18223D2114600C85B5A /* DataProvider.swift */ = {isa = PBXFileReference; lastKnownFileType = sourcecode.swift; path = DataProvider.swift; sourceTree = "<group>"; };
		9D1AE18523D2150700C85B5A /* Article.swift */ = {isa = PBXFileReference; lastKnownFileType = sourcecode.swift; path = Article.swift; sourceTree = "<group>"; };
		9D2100312408250E008A0D29 /* ArticleListViewController_P.swift */ = {isa = PBXFileReference; lastKnownFileType = sourcecode.swift; path = ArticleListViewController_P.swift; sourceTree = "<group>"; };
		9D2100332408B58F008A0D29 /* ArticleListCell_P.swift */ = {isa = PBXFileReference; lastKnownFileType = sourcecode.swift; path = ArticleListCell_P.swift; sourceTree = "<group>"; };
		9D8156E023D4A1FF005280DD /* SettingsStore.swift */ = {isa = PBXFileReference; lastKnownFileType = sourcecode.swift; path = SettingsStore.swift; sourceTree = "<group>"; };
		9D8156E223D62443005280DD /* Languages.swift */ = {isa = PBXFileReference; lastKnownFileType = sourcecode.swift; path = Languages.swift; sourceTree = "<group>"; };
		9D8156E523D62B5F005280DD /* ArticleListCoordinator.swift */ = {isa = PBXFileReference; lastKnownFileType = sourcecode.swift; path = ArticleListCoordinator.swift; sourceTree = "<group>"; };
		9D8156E723D62F52005280DD /* Dependencies.swift */ = {isa = PBXFileReference; lastKnownFileType = sourcecode.swift; path = Dependencies.swift; sourceTree = "<group>"; };
		9D8156E923D65864005280DD /* Dynamic.swift */ = {isa = PBXFileReference; lastKnownFileType = sourcecode.swift; path = Dynamic.swift; sourceTree = "<group>"; };
		9D8156EF23D675D4005280DD /* ArticleListViewController.swift */ = {isa = PBXFileReference; lastKnownFileType = sourcecode.swift; path = ArticleListViewController.swift; sourceTree = "<group>"; };
		9D8156F023D675D4005280DD /* ArticleListView.xib */ = {isa = PBXFileReference; lastKnownFileType = file.xib; path = ArticleListView.xib; sourceTree = "<group>"; };
		9D8156F623D7407D005280DD /* ArticleListCell.swift */ = {isa = PBXFileReference; lastKnownFileType = sourcecode.swift; path = ArticleListCell.swift; sourceTree = "<group>"; };
		9D8156F723D7407D005280DD /* ArticleListCell.xib */ = {isa = PBXFileReference; lastKnownFileType = file.xib; path = ArticleListCell.xib; sourceTree = "<group>"; };
		9D8156FA23D75CBE005280DD /* NibLoadableView.swift */ = {isa = PBXFileReference; lastKnownFileType = sourcecode.swift; path = NibLoadableView.swift; sourceTree = "<group>"; };
		9D8156FC23D75D88005280DD /* ReusableView.swift */ = {isa = PBXFileReference; lastKnownFileType = sourcecode.swift; path = ReusableView.swift; sourceTree = "<group>"; };
		9D8156FE23D75E53005280DD /* UITableView.swift */ = {isa = PBXFileReference; lastKnownFileType = sourcecode.swift; path = UITableView.swift; sourceTree = "<group>"; };
		9D81570023D76026005280DD /* ArticleListDataSource.swift */ = {isa = PBXFileReference; lastKnownFileType = sourcecode.swift; path = ArticleListDataSource.swift; sourceTree = "<group>"; };
		9D81570223D79935005280DD /* ImageCache.swift */ = {isa = PBXFileReference; lastKnownFileType = sourcecode.swift; path = ImageCache.swift; sourceTree = "<group>"; };
		9D81570423D8AF23005280DD /* ArticleViewController.swift */ = {isa = PBXFileReference; lastKnownFileType = sourcecode.swift; path = ArticleViewController.swift; sourceTree = "<group>"; };
		9D81570523D8AF23005280DD /* ArticleView.xib */ = {isa = PBXFileReference; lastKnownFileType = file.xib; path = ArticleView.xib; sourceTree = "<group>"; };
		9D81570823D9E2D7005280DD /* UINavigationController.swift */ = {isa = PBXFileReference; lastKnownFileType = sourcecode.swift; path = UINavigationController.swift; sourceTree = "<group>"; };
		9D81570A23DA23EA005280DD /* SettingsViewController.swift */ = {isa = PBXFileReference; lastKnownFileType = sourcecode.swift; path = SettingsViewController.swift; sourceTree = "<group>"; };
		9D81570B23DA23EA005280DD /* SettingsView.xib */ = {isa = PBXFileReference; lastKnownFileType = file.xib; path = SettingsView.xib; sourceTree = "<group>"; };
		9D81570E23DA96E6005280DD /* Settings.swift */ = {isa = PBXFileReference; lastKnownFileType = sourcecode.swift; path = Settings.swift; sourceTree = "<group>"; };
		9D81571023DB3D9B005280DD /* MartianTranslationTests.swift */ = {isa = PBXFileReference; lastKnownFileType = sourcecode.swift; path = MartianTranslationTests.swift; sourceTree = "<group>"; };
		9D81571223DB4490005280DD /* String.swift */ = {isa = PBXFileReference; lastKnownFileType = sourcecode.swift; path = String.swift; sourceTree = "<group>"; };
		A818646D4C3FAD30860ED305 /* Pods-NYT_MartianNews.debug.xcconfig */ = {isa = PBXFileReference; includeInIndex = 1; lastKnownFileType = text.xcconfig; name = "Pods-NYT_MartianNews.debug.xcconfig"; path = "Pods/Target Support Files/Pods-NYT_MartianNews/Pods-NYT_MartianNews.debug.xcconfig"; sourceTree = "<group>"; };
		D822D34730521F847260BBF7 /* Pods-NYT_MartianNews.release.xcconfig */ = {isa = PBXFileReference; includeInIndex = 1; lastKnownFileType = text.xcconfig; name = "Pods-NYT_MartianNews.release.xcconfig"; path = "Pods/Target Support Files/Pods-NYT_MartianNews/Pods-NYT_MartianNews.release.xcconfig"; sourceTree = "<group>"; };
/* End PBXFileReference section */

/* Begin PBXFrameworksBuildPhase section */
		9D1AE14A23CE164D00C85B5A /* Frameworks */ = {
			isa = PBXFrameworksBuildPhase;
			buildActionMask = 2147483647;
			files = (
				34857CC416FBDD7B6EC92601 /* libPods-NYT_MartianNews.a in Frameworks */,
			);
			runOnlyForDeploymentPostprocessing = 0;
		};
		9D1AE15E23CE165400C85B5A /* Frameworks */ = {
			isa = PBXFrameworksBuildPhase;
			buildActionMask = 2147483647;
			files = (
			);
			runOnlyForDeploymentPostprocessing = 0;
		};
/* End PBXFrameworksBuildPhase section */

/* Begin PBXGroup section */
		545352461622DFA984BEC573 /* Pods */ = {
			isa = PBXGroup;
			children = (
				A818646D4C3FAD30860ED305 /* Pods-NYT_MartianNews.debug.xcconfig */,
				D822D34730521F847260BBF7 /* Pods-NYT_MartianNews.release.xcconfig */,
			);
			name = Pods;
			sourceTree = "<group>";
		};
		5CA2AC1125206474A5CDBBD0 /* Frameworks */ = {
			isa = PBXGroup;
			children = (
				9A4A15C07501219D733DBE58 /* libPods-NYT_MartianNews.a */,
			);
			name = Frameworks;
			sourceTree = "<group>";
		};
		9D1AE14423CE164D00C85B5A = {
			isa = PBXGroup;
			children = (
				9D1AE14F23CE164D00C85B5A /* NYT_MartianNews */,
				9D1AE16423CE165400C85B5A /* NYT_MartianNewsTests */,
				9D1AE14E23CE164D00C85B5A /* Products */,
				545352461622DFA984BEC573 /* Pods */,
				5CA2AC1125206474A5CDBBD0 /* Frameworks */,
			);
			sourceTree = "<group>";
		};
		9D1AE14E23CE164D00C85B5A /* Products */ = {
			isa = PBXGroup;
			children = (
				9D1AE14D23CE164D00C85B5A /* NYT_MartianNews.app */,
				9D1AE16123CE165400C85B5A /* NYT_MartianNewsTests.xctest */,
			);
			name = Products;
			sourceTree = "<group>";
		};
		9D1AE14F23CE164D00C85B5A /* NYT_MartianNews */ = {
			isa = PBXGroup;
			children = (
				9D8156F523D68B93005280DD /* Views */,
				9D8156DF23D49D50005280DD /* Configuration */,
				9D1AE18423D2143500C85B5A /* Models */,
				9D1AE18123D106BD00C85B5A /* Services */,
				9D1AE17923CE60DA00C85B5A /* Protocols */,
				9D1AE17223CE173F00C85B5A /* Extensions */,
				9D1AE17123CE173000C85B5A /* Flows */,
				9D1AE17023CE16DE00C85B5A /* Utility */,
				9D1AE15023CE164D00C85B5A /* AppDelegate.swift */,
				9D1AE15223CE164D00C85B5A /* ViewController.swift */,
				9D1AE15423CE164D00C85B5A /* Main.storyboard */,
				9D1AE15723CE165400C85B5A /* Assets.xcassets */,
				9D1AE15923CE165400C85B5A /* LaunchScreen.storyboard */,
				9D1AE15C23CE165400C85B5A /* Info.plist */,
			);
			path = NYT_MartianNews;
			sourceTree = "<group>";
		};
		9D1AE16423CE165400C85B5A /* NYT_MartianNewsTests */ = {
			isa = PBXGroup;
			children = (
				9D1AE16523CE165400C85B5A /* NYT_MartianNewsTests.swift */,
				9D1AE16723CE165400C85B5A /* Info.plist */,
				9D81571023DB3D9B005280DD /* MartianTranslationTests.swift */,
			);
			path = NYT_MartianNewsTests;
			sourceTree = "<group>";
		};
		9D1AE17023CE16DE00C85B5A /* Utility */ = {
			isa = PBXGroup;
			children = (
				9D8156E923D65864005280DD /* Dynamic.swift */,
			);
			path = Utility;
			sourceTree = "<group>";
		};
		9D1AE17123CE173000C85B5A /* Flows */ = {
			isa = PBXGroup;
			children = (
				9D8156E423D62B2F005280DD /* ArticleList */,
				9D1AE17C23CE6D0500C85B5A /* AppCoordinator.swift */,
			);
			path = Flows;
			sourceTree = "<group>";
		};
		9D1AE17223CE173F00C85B5A /* Extensions */ = {
			isa = PBXGroup;
			children = (
				9D8156FE23D75E53005280DD /* UITableView.swift */,
				9D81570823D9E2D7005280DD /* UINavigationController.swift */,
				9D81571223DB4490005280DD /* String.swift */,
			);
			path = Extensions;
			sourceTree = "<group>";
		};
		9D1AE17923CE60DA00C85B5A /* Protocols */ = {
			isa = PBXGroup;
			children = (
				9D1AE17A23CE616100C85B5A /* Coordinator.swift */,
				9D8156FA23D75CBE005280DD /* NibLoadableView.swift */,
				9D8156FC23D75D88005280DD /* ReusableView.swift */,
			);
			path = Protocols;
			sourceTree = "<group>";
		};
		9D1AE18123D106BD00C85B5A /* Services */ = {
			isa = PBXGroup;
			children = (
				9D1AE18223D2114600C85B5A /* DataProvider.swift */,
				9D81570223D79935005280DD /* ImageCache.swift */,
			);
			path = Services;
			sourceTree = "<group>";
		};
		9D1AE18423D2143500C85B5A /* Models */ = {
			isa = PBXGroup;
			children = (
				9D1AE18523D2150700C85B5A /* Article.swift */,
			);
			path = Models;
			sourceTree = "<group>";
		};
		9D8156DF23D49D50005280DD /* Configuration */ = {
			isa = PBXGroup;
			children = (
				9D8156E023D4A1FF005280DD /* SettingsStore.swift */,
				9D8156E223D62443005280DD /* Languages.swift */,
				9D8156E723D62F52005280DD /* Dependencies.swift */,
				9D81570E23DA96E6005280DD /* Settings.swift */,
			);
			path = Configuration;
			sourceTree = "<group>";
		};
		9D8156E423D62B2F005280DD /* ArticleList */ = {
			isa = PBXGroup;
			children = (
				9D8156E523D62B5F005280DD /* ArticleListCoordinator.swift */,
				9D8156EF23D675D4005280DD /* ArticleListViewController.swift */,
				9D8156F023D675D4005280DD /* ArticleListView.xib */,
				9D81570023D76026005280DD /* ArticleListDataSource.swift */,
				9D2100312408250E008A0D29 /* ArticleListViewController_P.swift */,
			);
			path = ArticleList;
			sourceTree = "<group>";
		};
		9D8156F523D68B93005280DD /* Views */ = {
			isa = PBXGroup;
			children = (
				9D8156F623D7407D005280DD /* ArticleListCell.swift */,
				9D8156F723D7407D005280DD /* ArticleListCell.xib */,
				9D81570423D8AF23005280DD /* ArticleViewController.swift */,
				9D81570523D8AF23005280DD /* ArticleView.xib */,
				9D81570A23DA23EA005280DD /* SettingsViewController.swift */,
				9D81570B23DA23EA005280DD /* SettingsView.xib */,
				9D2100332408B58F008A0D29 /* ArticleListCell_P.swift */,
			);
			path = Views;
			sourceTree = "<group>";
		};
/* End PBXGroup section */

/* Begin PBXNativeTarget section */
		9D1AE14C23CE164D00C85B5A /* NYT_MartianNews */ = {
			isa = PBXNativeTarget;
			buildConfigurationList = 9D1AE16A23CE165400C85B5A /* Build configuration list for PBXNativeTarget "NYT_MartianNews" */;
			buildPhases = (
				FA84FF149352BBC53C85DE5B /* [CP] Check Pods Manifest.lock */,
				9D1AE14923CE164D00C85B5A /* Sources */,
				9D1AE14A23CE164D00C85B5A /* Frameworks */,
				9D1AE14B23CE164D00C85B5A /* Resources */,
				9D81571723DF46AC005280DD /* ShellScript */,
			);
			buildRules = (
			);
			dependencies = (
			);
			name = NYT_MartianNews;
			productName = NYT_MartianNews;
			productReference = 9D1AE14D23CE164D00C85B5A /* NYT_MartianNews.app */;
			productType = "com.apple.product-type.application";
		};
		9D1AE16023CE165400C85B5A /* NYT_MartianNewsTests */ = {
			isa = PBXNativeTarget;
			buildConfigurationList = 9D1AE16D23CE165400C85B5A /* Build configuration list for PBXNativeTarget "NYT_MartianNewsTests" */;
			buildPhases = (
				9D1AE15D23CE165400C85B5A /* Sources */,
				9D1AE15E23CE165400C85B5A /* Frameworks */,
				9D1AE15F23CE165400C85B5A /* Resources */,
			);
			buildRules = (
			);
			dependencies = (
				9D1AE16323CE165400C85B5A /* PBXTargetDependency */,
			);
			name = NYT_MartianNewsTests;
			productName = NYT_MartianNewsTests;
			productReference = 9D1AE16123CE165400C85B5A /* NYT_MartianNewsTests.xctest */;
			productType = "com.apple.product-type.bundle.unit-test";
		};
/* End PBXNativeTarget section */

/* Begin PBXProject section */
		9D1AE14523CE164D00C85B5A /* Project object */ = {
			isa = PBXProject;
			attributes = {
				LastSwiftUpdateCheck = 1010;
				LastUpgradeCheck = 1010;
				ORGANIZATIONNAME = "Zoilo Mercedes";
				TargetAttributes = {
					9D1AE14C23CE164D00C85B5A = {
						CreatedOnToolsVersion = 10.1;
					};
					9D1AE16023CE165400C85B5A = {
						CreatedOnToolsVersion = 10.1;
						TestTargetID = 9D1AE14C23CE164D00C85B5A;
					};
				};
			};
			buildConfigurationList = 9D1AE14823CE164D00C85B5A /* Build configuration list for PBXProject "NYT_MartianNews" */;
			compatibilityVersion = "Xcode 9.3";
			developmentRegion = en;
			hasScannedForEncodings = 0;
			knownRegions = (
				en,
				Base,
			);
			mainGroup = 9D1AE14423CE164D00C85B5A;
			productRefGroup = 9D1AE14E23CE164D00C85B5A /* Products */;
			projectDirPath = "";
			projectRoot = "";
			targets = (
				9D1AE14C23CE164D00C85B5A /* NYT_MartianNews */,
				9D1AE16023CE165400C85B5A /* NYT_MartianNewsTests */,
			);
		};
/* End PBXProject section */

/* Begin PBXResourcesBuildPhase section */
		9D1AE14B23CE164D00C85B5A /* Resources */ = {
			isa = PBXResourcesBuildPhase;
			buildActionMask = 2147483647;
			files = (
				9D1AE15B23CE165400C85B5A /* LaunchScreen.storyboard in Resources */,
				9D81570723D8AF23005280DD /* ArticleView.xib in Resources */,
				9D8156F223D675D4005280DD /* ArticleListView.xib in Resources */,
				9D1AE15823CE165400C85B5A /* Assets.xcassets in Resources */,
				9D1AE15623CE164D00C85B5A /* Main.storyboard in Resources */,
				9D81570D23DA23EA005280DD /* SettingsView.xib in Resources */,
				9D8156F923D7407D005280DD /* ArticleListCell.xib in Resources */,
			);
			runOnlyForDeploymentPostprocessing = 0;
		};
		9D1AE15F23CE165400C85B5A /* Resources */ = {
			isa = PBXResourcesBuildPhase;
			buildActionMask = 2147483647;
			files = (
			);
			runOnlyForDeploymentPostprocessing = 0;
		};
/* End PBXResourcesBuildPhase section */

/* Begin PBXShellScriptBuildPhase section */
		9D81571723DF46AC005280DD /* ShellScript */ = {
			isa = PBXShellScriptBuildPhase;
			buildActionMask = 2147483647;
			files = (
			);
			inputFileListPaths = (
			);
			inputPaths = (
			);
			outputFileListPaths = (
			);
			outputPaths = (
			);
			runOnlyForDeploymentPostprocessing = 0;
			shellPath = /bin/sh;
			shellScript = "\"${PODS_ROOT}/SwiftLint/swiftlint\"\n";
		};
		FA84FF149352BBC53C85DE5B /* [CP] Check Pods Manifest.lock */ = {
			isa = PBXShellScriptBuildPhase;
			buildActionMask = 2147483647;
			files = (
			);
			inputFileListPaths = (
			);
			inputPaths = (
				"${PODS_PODFILE_DIR_PATH}/Podfile.lock",
				"${PODS_ROOT}/Manifest.lock",
			);
			name = "[CP] Check Pods Manifest.lock";
			outputFileListPaths = (
			);
			outputPaths = (
				"$(DERIVED_FILE_DIR)/Pods-NYT_MartianNews-checkManifestLockResult.txt",
			);
			runOnlyForDeploymentPostprocessing = 0;
			shellPath = /bin/sh;
			shellScript = "diff \"${PODS_PODFILE_DIR_PATH}/Podfile.lock\" \"${PODS_ROOT}/Manifest.lock\" > /dev/null\nif [ $? != 0 ] ; then\n    # print error to STDERR\n    echo \"error: The sandbox is not in sync with the Podfile.lock. Run 'pod install' or update your CocoaPods installation.\" >&2\n    exit 1\nfi\n# This output is used by Xcode 'outputs' to avoid re-running this script phase.\necho \"SUCCESS\" > \"${SCRIPT_OUTPUT_FILE_0}\"\n";
			showEnvVarsInLog = 0;
		};
/* End PBXShellScriptBuildPhase section */

/* Begin PBXSourcesBuildPhase section */
		9D1AE14923CE164D00C85B5A /* Sources */ = {
			isa = PBXSourcesBuildPhase;
			buildActionMask = 2147483647;
			files = (
				9D1AE17D23CE6D0500C85B5A /* AppCoordinator.swift in Sources */,
				9D81570923D9E2D7005280DD /* UINavigationController.swift in Sources */,
				9D2100342408B58F008A0D29 /* ArticleListCell_P.swift in Sources */,
				9D81571323DB4491005280DD /* String.swift in Sources */,
				9D81570C23DA23EA005280DD /* SettingsViewController.swift in Sources */,
				9D81570123D76026005280DD /* ArticleListDataSource.swift in Sources */,
				9D8156E623D62B5F005280DD /* ArticleListCoordinator.swift in Sources */,
				9D2100322408250E008A0D29 /* ArticleListViewController_P.swift in Sources */,
				9D8156FB23D75CBE005280DD /* NibLoadableView.swift in Sources */,
				9D8156E323D62443005280DD /* Languages.swift in Sources */,
				9D1AE15323CE164D00C85B5A /* ViewController.swift in Sources */,
				9D1AE18623D2150700C85B5A /* Article.swift in Sources */,
				9D8156FD23D75D88005280DD /* ReusableView.swift in Sources */,
				9D1AE18323D2114600C85B5A /* DataProvider.swift in Sources */,
				9D8156E123D4A1FF005280DD /* SettingsStore.swift in Sources */,
				9D8156F823D7407D005280DD /* ArticleListCell.swift in Sources */,
				9D8156EA23D65864005280DD /* Dynamic.swift in Sources */,
				9D81570323D79935005280DD /* ImageCache.swift in Sources */,
				9D1AE15123CE164D00C85B5A /* AppDelegate.swift in Sources */,
				9D81570623D8AF23005280DD /* ArticleViewController.swift in Sources */,
				9D8156F123D675D4005280DD /* ArticleListViewController.swift in Sources */,
				9D8156FF23D75E53005280DD /* UITableView.swift in Sources */,
				9D8156E823D62F52005280DD /* Dependencies.swift in Sources */,
				9D81570F23DA96E6005280DD /* Settings.swift in Sources */,
				9D1AE17B23CE616100C85B5A /* Coordinator.swift in Sources */,
			);
			runOnlyForDeploymentPostprocessing = 0;
		};
		9D1AE15D23CE165400C85B5A /* Sources */ = {
			isa = PBXSourcesBuildPhase;
			buildActionMask = 2147483647;
			files = (
				9D81571123DB3D9B005280DD /* MartianTranslationTests.swift in Sources */,
				9D1AE16623CE165400C85B5A /* NYT_MartianNewsTests.swift in Sources */,
			);
			runOnlyForDeploymentPostprocessing = 0;
		};
/* End PBXSourcesBuildPhase section */

/* Begin PBXTargetDependency section */
		9D1AE16323CE165400C85B5A /* PBXTargetDependency */ = {
			isa = PBXTargetDependency;
			target = 9D1AE14C23CE164D00C85B5A /* NYT_MartianNews */;
			targetProxy = 9D1AE16223CE165400C85B5A /* PBXContainerItemProxy */;
		};
/* End PBXTargetDependency section */

/* Begin PBXVariantGroup section */
		9D1AE15423CE164D00C85B5A /* Main.storyboard */ = {
			isa = PBXVariantGroup;
			children = (
				9D1AE15523CE164D00C85B5A /* Base */,
			);
			name = Main.storyboard;
			sourceTree = "<group>";
		};
		9D1AE15923CE165400C85B5A /* LaunchScreen.storyboard */ = {
			isa = PBXVariantGroup;
			children = (
				9D1AE15A23CE165400C85B5A /* Base */,
			);
			name = LaunchScreen.storyboard;
			sourceTree = "<group>";
		};
/* End PBXVariantGroup section */

/* Begin XCBuildConfiguration section */
		9D1AE16823CE165400C85B5A /* Debug */ = {
			isa = XCBuildConfiguration;
			buildSettings = {
				ALWAYS_SEARCH_USER_PATHS = NO;
				CLANG_ANALYZER_NONNULL = YES;
				CLANG_ANALYZER_NUMBER_OBJECT_CONVERSION = YES_AGGRESSIVE;
				CLANG_CXX_LANGUAGE_STANDARD = "gnu++14";
				CLANG_CXX_LIBRARY = "libc++";
				CLANG_ENABLE_MODULES = YES;
				CLANG_ENABLE_OBJC_ARC = YES;
				CLANG_ENABLE_OBJC_WEAK = YES;
				CLANG_WARN_BLOCK_CAPTURE_AUTORELEASING = YES;
				CLANG_WARN_BOOL_CONVERSION = YES;
				CLANG_WARN_COMMA = YES;
				CLANG_WARN_CONSTANT_CONVERSION = YES;
				CLANG_WARN_DEPRECATED_OBJC_IMPLEMENTATIONS = YES;
				CLANG_WARN_DIRECT_OBJC_ISA_USAGE = YES_ERROR;
				CLANG_WARN_DOCUMENTATION_COMMENTS = YES;
				CLANG_WARN_EMPTY_BODY = YES;
				CLANG_WARN_ENUM_CONVERSION = YES;
				CLANG_WARN_INFINITE_RECURSION = YES;
				CLANG_WARN_INT_CONVERSION = YES;
				CLANG_WARN_NON_LITERAL_NULL_CONVERSION = YES;
				CLANG_WARN_OBJC_IMPLICIT_RETAIN_SELF = YES;
				CLANG_WARN_OBJC_LITERAL_CONVERSION = YES;
				CLANG_WARN_OBJC_ROOT_CLASS = YES_ERROR;
				CLANG_WARN_RANGE_LOOP_ANALYSIS = YES;
				CLANG_WARN_STRICT_PROTOTYPES = YES;
				CLANG_WARN_SUSPICIOUS_MOVE = YES;
				CLANG_WARN_UNGUARDED_AVAILABILITY = YES_AGGRESSIVE;
				CLANG_WARN_UNREACHABLE_CODE = YES;
				CLANG_WARN__DUPLICATE_METHOD_MATCH = YES;
				CODE_SIGN_IDENTITY = "iPhone Developer";
				COPY_PHASE_STRIP = NO;
				DEBUG_INFORMATION_FORMAT = dwarf;
				ENABLE_STRICT_OBJC_MSGSEND = YES;
				ENABLE_TESTABILITY = YES;
				GCC_C_LANGUAGE_STANDARD = gnu11;
				GCC_DYNAMIC_NO_PIC = NO;
				GCC_NO_COMMON_BLOCKS = YES;
				GCC_OPTIMIZATION_LEVEL = 0;
				GCC_PREPROCESSOR_DEFINITIONS = (
					"DEBUG=1",
					"$(inherited)",
				);
				GCC_WARN_64_TO_32_BIT_CONVERSION = YES;
				GCC_WARN_ABOUT_RETURN_TYPE = YES_ERROR;
				GCC_WARN_UNDECLARED_SELECTOR = YES;
				GCC_WARN_UNINITIALIZED_AUTOS = YES_AGGRESSIVE;
				GCC_WARN_UNUSED_FUNCTION = YES;
				GCC_WARN_UNUSED_VARIABLE = YES;
				IPHONEOS_DEPLOYMENT_TARGET = 12.1;
				MTL_ENABLE_DEBUG_INFO = INCLUDE_SOURCE;
				MTL_FAST_MATH = YES;
				ONLY_ACTIVE_ARCH = YES;
				SDKROOT = iphoneos;
				SWIFT_ACTIVE_COMPILATION_CONDITIONS = DEBUG;
				SWIFT_OPTIMIZATION_LEVEL = "-Onone";
			};
			name = Debug;
		};
		9D1AE16923CE165400C85B5A /* Release */ = {
			isa = XCBuildConfiguration;
			buildSettings = {
				ALWAYS_SEARCH_USER_PATHS = NO;
				CLANG_ANALYZER_NONNULL = YES;
				CLANG_ANALYZER_NUMBER_OBJECT_CONVERSION = YES_AGGRESSIVE;
				CLANG_CXX_LANGUAGE_STANDARD = "gnu++14";
				CLANG_CXX_LIBRARY = "libc++";
				CLANG_ENABLE_MODULES = YES;
				CLANG_ENABLE_OBJC_ARC = YES;
				CLANG_ENABLE_OBJC_WEAK = YES;
				CLANG_WARN_BLOCK_CAPTURE_AUTORELEASING = YES;
				CLANG_WARN_BOOL_CONVERSION = YES;
				CLANG_WARN_COMMA = YES;
				CLANG_WARN_CONSTANT_CONVERSION = YES;
				CLANG_WARN_DEPRECATED_OBJC_IMPLEMENTATIONS = YES;
				CLANG_WARN_DIRECT_OBJC_ISA_USAGE = YES_ERROR;
				CLANG_WARN_DOCUMENTATION_COMMENTS = YES;
				CLANG_WARN_EMPTY_BODY = YES;
				CLANG_WARN_ENUM_CONVERSION = YES;
				CLANG_WARN_INFINITE_RECURSION = YES;
				CLANG_WARN_INT_CONVERSION = YES;
				CLANG_WARN_NON_LITERAL_NULL_CONVERSION = YES;
				CLANG_WARN_OBJC_IMPLICIT_RETAIN_SELF = YES;
				CLANG_WARN_OBJC_LITERAL_CONVERSION = YES;
				CLANG_WARN_OBJC_ROOT_CLASS = YES_ERROR;
				CLANG_WARN_RANGE_LOOP_ANALYSIS = YES;
				CLANG_WARN_STRICT_PROTOTYPES = YES;
				CLANG_WARN_SUSPICIOUS_MOVE = YES;
				CLANG_WARN_UNGUARDED_AVAILABILITY = YES_AGGRESSIVE;
				CLANG_WARN_UNREACHABLE_CODE = YES;
				CLANG_WARN__DUPLICATE_METHOD_MATCH = YES;
				CODE_SIGN_IDENTITY = "iPhone Developer";
				COPY_PHASE_STRIP = NO;
				DEBUG_INFORMATION_FORMAT = "dwarf-with-dsym";
				ENABLE_NS_ASSERTIONS = NO;
				ENABLE_STRICT_OBJC_MSGSEND = YES;
				ENABLE_TESTABILITY = YES;
				GCC_C_LANGUAGE_STANDARD = gnu11;
				GCC_NO_COMMON_BLOCKS = YES;
				GCC_WARN_64_TO_32_BIT_CONVERSION = YES;
				GCC_WARN_ABOUT_RETURN_TYPE = YES_ERROR;
				GCC_WARN_UNDECLARED_SELECTOR = YES;
				GCC_WARN_UNINITIALIZED_AUTOS = YES_AGGRESSIVE;
				GCC_WARN_UNUSED_FUNCTION = YES;
				GCC_WARN_UNUSED_VARIABLE = YES;
				IPHONEOS_DEPLOYMENT_TARGET = 12.1;
				MTL_ENABLE_DEBUG_INFO = NO;
				MTL_FAST_MATH = YES;
				SDKROOT = iphoneos;
				SWIFT_COMPILATION_MODE = wholemodule;
				SWIFT_OPTIMIZATION_LEVEL = "-O";
				VALIDATE_PRODUCT = YES;
			};
			name = Release;
		};
		9D1AE16B23CE165400C85B5A /* Debug */ = {
			isa = XCBuildConfiguration;
			baseConfigurationReference = A818646D4C3FAD30860ED305 /* Pods-NYT_MartianNews.debug.xcconfig */;
			buildSettings = {
				ASSETCATALOG_COMPILER_APPICON_NAME = AppIcon;
				CODE_SIGN_STYLE = Automatic;
				DEVELOPMENT_TEAM = 296W22RN77;
				INFOPLIST_FILE = NYT_MartianNews/Info.plist;
				LD_RUNPATH_SEARCH_PATHS = (
					"$(inherited)",
					"@executable_path/Frameworks",
				);
				PRODUCT_BUNDLE_IDENTIFIER = "com.zeta.NYT-MartianNews";
				PRODUCT_NAME = "$(TARGET_NAME)";
				SWIFT_VERSION = 4.2;
				TARGETED_DEVICE_FAMILY = "1,2";
			};
			name = Debug;
		};
		9D1AE16C23CE165400C85B5A /* Release */ = {
			isa = XCBuildConfiguration;
			baseConfigurationReference = D822D34730521F847260BBF7 /* Pods-NYT_MartianNews.release.xcconfig */;
			buildSettings = {
				ASSETCATALOG_COMPILER_APPICON_NAME = AppIcon;
				CODE_SIGN_STYLE = Automatic;
				DEVELOPMENT_TEAM = 296W22RN77;
				INFOPLIST_FILE = NYT_MartianNews/Info.plist;
				LD_RUNPATH_SEARCH_PATHS = (
					"$(inherited)",
					"@executable_path/Frameworks",
				);
				PRODUCT_BUNDLE_IDENTIFIER = "com.zeta.NYT-MartianNews";
				PRODUCT_NAME = "$(TARGET_NAME)";
				SWIFT_VERSION = 4.2;
				TARGETED_DEVICE_FAMILY = "1,2";
			};
			name = Release;
		};
		9D1AE16E23CE165400C85B5A /* Debug */ = {
			isa = XCBuildConfiguration;
			buildSettings = {
				ALWAYS_EMBED_SWIFT_STANDARD_LIBRARIES = YES;
				BUNDLE_LOADER = "$(TEST_HOST)";
				CODE_SIGN_STYLE = Automatic;
				DEVELOPMENT_TEAM = 296W22RN77;
				INFOPLIST_FILE = NYT_MartianNewsTests/Info.plist;
				LD_RUNPATH_SEARCH_PATHS = (
					"$(inherited)",
					"@executable_path/Frameworks",
					"@loader_path/Frameworks",
				);
				PRODUCT_BUNDLE_IDENTIFIER = "com.zeta.NYT-MartianNewsTests";
				PRODUCT_NAME = "$(TARGET_NAME)";
				SWIFT_VERSION = 4.2;
				TARGETED_DEVICE_FAMILY = "1,2";
				TEST_HOST = "$(BUILT_PRODUCTS_DIR)/NYT_MartianNews.app/NYT_MartianNews";
			};
			name = Debug;
		};
		9D1AE16F23CE165400C85B5A /* Release */ = {
			isa = XCBuildConfiguration;
			buildSettings = {
				ALWAYS_EMBED_SWIFT_STANDARD_LIBRARIES = YES;
				BUNDLE_LOADER = "$(TEST_HOST)";
				CODE_SIGN_STYLE = Automatic;
				DEVELOPMENT_TEAM = 296W22RN77;
				INFOPLIST_FILE = NYT_MartianNewsTests/Info.plist;
				LD_RUNPATH_SEARCH_PATHS = (
					"$(inherited)",
					"@executable_path/Frameworks",
					"@loader_path/Frameworks",
				);
				PRODUCT_BUNDLE_IDENTIFIER = "com.zeta.NYT-MartianNewsTests";
				PRODUCT_NAME = "$(TARGET_NAME)";
				SWIFT_VERSION = 4.2;
				TARGETED_DEVICE_FAMILY = "1,2";
				TEST_HOST = "$(BUILT_PRODUCTS_DIR)/NYT_MartianNews.app/NYT_MartianNews";
			};
			name = Release;
		};
/* End XCBuildConfiguration section */

/* Begin XCConfigurationList section */
		9D1AE14823CE164D00C85B5A /* Build configuration list for PBXProject "NYT_MartianNews" */ = {
			isa = XCConfigurationList;
			buildConfigurations = (
				9D1AE16823CE165400C85B5A /* Debug */,
				9D1AE16923CE165400C85B5A /* Release */,
			);
			defaultConfigurationIsVisible = 0;
			defaultConfigurationName = Release;
		};
		9D1AE16A23CE165400C85B5A /* Build configuration list for PBXNativeTarget "NYT_MartianNews" */ = {
			isa = XCConfigurationList;
			buildConfigurations = (
				9D1AE16B23CE165400C85B5A /* Debug */,
				9D1AE16C23CE165400C85B5A /* Release */,
			);
			defaultConfigurationIsVisible = 0;
			defaultConfigurationName = Release;
		};
		9D1AE16D23CE165400C85B5A /* Build configuration list for PBXNativeTarget "NYT_MartianNewsTests" */ = {
			isa = XCConfigurationList;
			buildConfigurations = (
				9D1AE16E23CE165400C85B5A /* Debug */,
				9D1AE16F23CE165400C85B5A /* Release */,
			);
			defaultConfigurationIsVisible = 0;
			defaultConfigurationName = Release;
		};
/* End XCConfigurationList section */
	};
	rootObject = 9D1AE14523CE164D00C85B5A /* Project object */;
}
